{
  "version": 4,
  "terraform_version": "1.3.3",
  "serial": 31,
  "lineage": "e71a3067-946e-7064-af67-58b2cf7ef33c",
  "outputs": {
    "direccion_ip": {
      "value": "172.17.0.2",
      "type": "string"
    },
    "id": {
      "value": "9cf6dc2bbd3e6eb94ed25c945fdba44d6aae1b32067a2825b4e8b50c750cb26c",
      "type": "string"
    }
  },
  "resources": [
    {
      "mode": "managed",
      "type": "docker_container",
      "name": "mi_contenedor",
      "provider": "provider[\"registry.terraform.io/kreuzwerker/docker\"]",
      "instances": [
        {
          "schema_version": 2,
          "attributes": {
            "attach": false,
            "bridge": "",
            "capabilities": [],
            "command": [
              "mariadbd"
            ],
            "container_logs": null,
            "container_read_refresh_timeout_milliseconds": 15000,
            "cpu_set": "",
            "cpu_shares": 0,
            "destroy_grace_seconds": null,
            "devices": [],
            "dns": null,
            "dns_opts": null,
            "dns_search": null,
            "domainname": "",
            "entrypoint": [
              "docker-entrypoint.sh"
            ],
            "env": [
              "MARIADB_DATABASE=midb",
              "MARIADB_PASSWORD=password",
              "MARIADB_ROOT_PASSWORD=password",
              "MARIADB_USER=usuario"
            ],
            "exit_code": null,
            "gateway": "172.17.0.1",
            "gpus": null,
            "group_add": null,
            "healthcheck": null,
            "host": [],
            "hostname": "9cf6dc2bbd3e",
            "id": "9cf6dc2bbd3e6eb94ed25c945fdba44d6aae1b32067a2825b4e8b50c750cb26c",
            "image": "sha256:8dafde72c039711e0329c566e7bf25a7205370b638d96ccc6d7d58c514089e1f",
            "init": false,
            "ip_address": "172.17.0.2",
            "ip_prefix_length": 16,
            "ipc_mode": "private",
            "labels": [],
            "links": null,
            "log_driver": "json-file",
            "log_opts": null,
            "logs": false,
            "max_retry_count": 0,
            "memory": 0,
            "memory_swap": 0,
            "mounts": [],
            "must_run": true,
            "name": "mimariadb",
            "network_alias": null,
            "network_data": [
              {
                "gateway": "172.17.0.1",
                "global_ipv6_address": "",
                "global_ipv6_prefix_length": 0,
                "ip_address": "172.17.0.2",
                "ip_prefix_length": 16,
                "ipv6_gateway": "",
                "network_name": "bridge"
              }
            ],
            "network_mode": "default",
            "networks": null,
            "networks_advanced": [],
            "pid_mode": "",
            "ports": [
              {
                "external": 8080,
                "internal": 80,
                "ip": "0.0.0.0",
                "protocol": "tcp"
              },
              {
                "external": 33306,
                "internal": 3306,
                "ip": "0.0.0.0",
                "protocol": "tcp"
              }
            ],
            "privileged": false,
            "publish_all_ports": false,
            "read_only": false,
            "remove_volumes": true,
            "restart": "no",
            "rm": false,
            "runtime": "runc",
            "security_opts": [],
            "shm_size": 64,
            "start": true,
            "stdin_open": false,
            "stop_signal": "",
            "stop_timeout": 0,
            "storage_opts": null,
            "sysctls": null,
            "tmpfs": null,
            "tty": false,
            "ulimit": [],
            "upload": [],
            "user": "",
            "userns_mode": "",
            "volumes": [
              {
                "container_path": "/var/lib/mysql",
                "from_container": "",
                "host_path": "/home/ubuntu/datos/mariadb",
                "read_only": null,
                "volume_name": ""
              }
            ],
            "wait": false,
            "wait_timeout": 60,
            "working_dir": ""
          },
          "sensitive_attributes": [],
          "private": "eyJzY2hlbWFfdmVyc2lvbiI6IjIifQ==",
          "dependencies": [
            "docker_image.mi_imagen"
          ]
        }
      ]
    },
    {
      "mode": "managed",
      "type": "docker_image",
      "name": "mi_imagen",
      "provider": "provider[\"registry.terraform.io/kreuzwerker/docker\"]",
      "instances": [
        {
          "schema_version": 0,
          "attributes": {
            "build": [],
            "force_remove": null,
            "id": "sha256:8dafde72c039711e0329c566e7bf25a7205370b638d96ccc6d7d58c514089e1fmariadb:10.9",
            "image_id": "sha256:8dafde72c039711e0329c566e7bf25a7205370b638d96ccc6d7d58c514089e1f",
            "keep_locally": null,
            "latest": "sha256:8dafde72c039711e0329c566e7bf25a7205370b638d96ccc6d7d58c514089e1f",
            "name": "mariadb:10.9",
            "output": null,
            "pull_trigger": null,
            "pull_triggers": null,
            "repo_digest": "mariadb@sha256:bb39098029f443e8b02a1736c3cb4be1c5d6663a8355d4f9eb0b05693df4b9a0",
            "triggers": null
          },
          "sensitive_attributes": [],
          "private": "bnVsbA=="
        }
      ]
    }
  ],
  "check_results": []
}
